Microsoft Visual Studio Solution File, Format Version 12.00
# Visual Studio Version 16
VisualStudioVersion = 16.0.29613.14
MinimumVisualStudioVersion = 10.0.40219.1
Project("{9A19103F-16F7-4668-BE54-9A1E7A4F7556}") = "RawRequestBodySample", "RawRequestBodySample\RawRequestBodySample.csproj", "{05A9FA2E-2C4E-4855-BA9A-3E84885EBCAF}"
EndProject
Project("{9A19103F-16F7-4668-BE54-9A1E7A4F7556}") = "RSAKeyUtil", "RSAKeyUtil\RSAKeyUtil.csproj", "{432C2A3A-1614-4F90-9A2B-F8A1ACBB1C14}"
EndProject
Project("{9A19103F-16F7-4668-BE54-9A1E7A4F7556}") = "AutofacSample.Services", "AutofacSample.Services\AutofacSample.Services.csproj", "{E933F487-1A84-41E0-945D-9F09CC5D1792}"
EndProject
Project("{9A19103F-16F7-4668-BE54-9A1E7A4F7556}") = "AutofacSample", "AutofacSample\AutofacSample.csproj", "{56CAEC0D-5025-4B96-902F-053E08F8F8DF}"
EndProject
Project("{9A19103F-16F7-4668-BE54-9A1E7A4F7556}") = "AutofacSample.Services.Fakes", "AutofacSample.Services.Fakes\AutofacSample.Services.Fakes.csproj", "{28358F42-1BE0-4AFD-A2E3-4E667CBE55A9}"
EndProject
Project("{9A19103F-16F7-4668-BE54-9A1E7A4F7556}") = "CryptoTests", "CryptoTests\CryptoTests.csproj", "{60995CD2-4784-4EBB-A3E5-8A6F77412C0D}"
EndProject
Project("{9A19103F-16F7-4668-BE54-9A1E7A4F7556}") = "Crypto", "Crypto\Crypto.csproj", "{57CE43C9-8363-4A89-8DA2-FF133A1357A8}"
EndProject
Project("{FAE04EC0-301F-11D3-BF4B-00C04F79EFBC}") = "PingSoapService", "PingSoapService\PingSoapService.csproj", "{C6ABBD4B-2AED-4380-B5D8-0B4E9941633D}"
EndProject
Project("{FAE04EC0-301F-11D3-BF4B-00C04F79EFBC}") = "PingWrapperSoapService", "PingWrapperSoapService\PingWrapperSoapService.csproj", "{14D37ADD-662D-4BA1-9996-49D6C8F32A29}"
EndProject
Global
	GlobalSection(SolutionConfigurationPlatforms) = preSolution
		Debug|Any CPU = Debug|Any CPU
		Release|Any CPU = Release|Any CPU
	EndGlobalSection
	GlobalSection(ProjectConfigurationPlatforms) = postSolution
		{05A9FA2E-2C4E-4855-BA9A-3E84885EBCAF}.Debug|Any CPU.ActiveCfg = Debug|Any CPU
		{05A9FA2E-2C4E-4855-BA9A-3E84885EBCAF}.Debug|Any CPU.Build.0 = Debug|Any CPU
		{05A9FA2E-2C4E-4855-BA9A-3E84885EBCAF}.Release|Any CPU.ActiveCfg = Release|Any CPU
		{05A9FA2E-2C4E-4855-BA9A-3E84885EBCAF}.Release|Any CPU.Build.0 = Release|Any CPU
		{432C2A3A-1614-4F90-9A2B-F8A1ACBB1C14}.Debug|Any CPU.ActiveCfg = Debug|Any CPU
		{432C2A3A-1614-4F90-9A2B-F8A1ACBB1C14}.Debug|Any CPU.Build.0 = Debug|Any CPU
		{432C2A3A-1614-4F90-9A2B-F8A1ACBB1C14}.Release|Any CPU.ActiveCfg = Release|Any CPU
		{432C2A3A-1614-4F90-9A2B-F8A1ACBB1C14}.Release|Any CPU.Build.0 = Release|Any CPU
		{E933F487-1A84-41E0-945D-9F09CC5D1792}.Debug|Any CPU.ActiveCfg = Debug|Any CPU
		{E933F487-1A84-41E0-945D-9F09CC5D1792}.Debug|Any CPU.Build.0 = Debug|Any CPU
		{E933F487-1A84-41E0-945D-9F09CC5D1792}.Release|Any CPU.ActiveCfg = Release|Any CPU
		{E933F487-1A84-41E0-945D-9F09CC5D1792}.Release|Any CPU.Build.0 = Release|Any CPU
		{56CAEC0D-5025-4B96-902F-053E08F8F8DF}.Debug|Any CPU.ActiveCfg = Debug|Any CPU
		{56CAEC0D-5025-4B96-902F-053E08F8F8DF}.Debug|Any CPU.Build.0 = Debug|Any CPU
		{56CAEC0D-5025-4B96-902F-053E08F8F8DF}.Release|Any CPU.ActiveCfg = Release|Any CPU
		{56CAEC0D-5025-4B96-902F-053E08F8F8DF}.Release|Any CPU.Build.0 = Release|Any CPU
		{28358F42-1BE0-4AFD-A2E3-4E667CBE55A9}.Debug|Any CPU.ActiveCfg = Debug|Any CPU
		{28358F42-1BE0-4AFD-A2E3-4E667CBE55A9}.Debug|Any CPU.Build.0 = Debug|Any CPU
		{28358F42-1BE0-4AFD-A2E3-4E667CBE55A9}.Release|Any CPU.ActiveCfg = Release|Any CPU
		{28358F42-1BE0-4AFD-A2E3-4E667CBE55A9}.Release|Any CPU.Build.0 = Release|Any CPU
		{60995CD2-4784-4EBB-A3E5-8A6F77412C0D}.Debug|Any CPU.ActiveCfg = Debug|Any CPU
		{60995CD2-4784-4EBB-A3E5-8A6F77412C0D}.Debug|Any CPU.Build.0 = Debug|Any CPU
		{60995CD2-4784-4EBB-A3E5-8A6F77412C0D}.Release|Any CPU.ActiveCfg = Release|Any CPU
		{60995CD2-4784-4EBB-A3E5-8A6F77412C0D}.Release|Any CPU.Build.0 = Release|Any CPU
		{57CE43C9-8363-4A89-8DA2-FF133A1357A8}.Debug|Any CPU.ActiveCfg = Debug|Any CPU
		{57CE43C9-8363-4A89-8DA2-FF133A1357A8}.Debug|Any CPU.Build.0 = Debug|Any CPU
		{57CE43C9-8363-4A89-8DA2-FF133A1357A8}.Release|Any CPU.ActiveCfg = Release|Any CPU
		{57CE43C9-8363-4A89-8DA2-FF133A1357A8}.Release|Any CPU.Build.0 = Release|Any CPU
		{C6ABBD4B-2AED-4380-B5D8-0B4E9941633D}.Debug|Any CPU.ActiveCfg = Debug|Any CPU
		{C6ABBD4B-2AED-4380-B5D8-0B4E9941633D}.Debug|Any CPU.Build.0 = Debug|Any CPU
		{C6ABBD4B-2AED-4380-B5D8-0B4E9941633D}.Release|Any CPU.ActiveCfg = Release|Any CPU
		{C6ABBD4B-2AED-4380-B5D8-0B4E9941633D}.Release|Any CPU.Build.0 = Release|Any CPU
		{14D37ADD-662D-4BA1-9996-49D6C8F32A29}.Debug|Any CPU.ActiveCfg = Debug|Any CPU
		{14D37ADD-662D-4BA1-9996-49D6C8F32A29}.Debug|Any CPU.Build.0 = Debug|Any CPU
		{14D37ADD-662D-4BA1-9996-49D6C8F32A29}.Release|Any CPU.ActiveCfg = Release|Any CPU
		{14D37ADD-662D-4BA1-9996-49D6C8F32A29}.Release|Any CPU.Build.0 = Release|Any CPU
	EndGlobalSection
	GlobalSection(SolutionProperties) = preSolution
		HideSolutionNode = FALSE
	EndGlobalSection
	GlobalSection(ExtensibilityGlobals) = postSolution
		SolutionGuid = {A3D13DC9-757E-4B43-B175-CD1A8D70678D}
	EndGlobalSection
EndGlobal
