Microsoft Visual Studio Solution File, Format Version 12.00
# Visual Studio Version 16
VisualStudioVersion = 16.0.31205.134
MinimumVisualStudioVersion = 10.0.40219.1
Project("{9A19103F-16F7-4668-BE54-9A1E7A4F7556}") = "RawRequestBodySample", "RawRequestBodySample\RawRequestBodySample.csproj", "{05A9FA2E-2C4E-4855-BA9A-3E84885EBCAF}"
EndProject
Project("{9A19103F-16F7-4668-BE54-9A1E7A4F7556}") = "RSAKeyUtil", "RSAKeyUtil\RSAKeyUtil.csproj", "{432C2A3A-1614-4F90-9A2B-F8A1ACBB1C14}"
EndProject
Project("{9A19103F-16F7-4668-BE54-9A1E7A4F7556}") = "AutofacSample.Services", "AutofacSample.Services\AutofacSample.Services.csproj", "{E933F487-1A84-41E0-945D-9F09CC5D1792}"
EndProject
Project("{9A19103F-16F7-4668-BE54-9A1E7A4F7556}") = "AutofacSample", "AutofacSample\AutofacSample.csproj", "{56CAEC0D-5025-4B96-902F-053E08F8F8DF}"
EndProject
Project("{9A19103F-16F7-4668-BE54-9A1E7A4F7556}") = "AutofacSample.Services.Fakes", "AutofacSample.Services.Fakes\AutofacSample.Services.Fakes.csproj", "{28358F42-1BE0-4AFD-A2E3-4E667CBE55A9}"
EndProject
Project("{9A19103F-16F7-4668-BE54-9A1E7A4F7556}") = "CryptoTests", "CryptoTests\CryptoTests.csproj", "{60995CD2-4784-4EBB-A3E5-8A6F77412C0D}"
EndProject
Project("{9A19103F-16F7-4668-BE54-9A1E7A4F7556}") = "Crypto", "Crypto\Crypto.csproj", "{57CE43C9-8363-4A89-8DA2-FF133A1357A8}"
EndProject
Project("{9A19103F-16F7-4668-BE54-9A1E7A4F7556}") = "BatchHandler", "BatchHandler\BatchHandler.csproj", "{DF095EC7-FBAD-4CF0-B850-D80F9FE5A337}"
EndProject
Project("{9A19103F-16F7-4668-BE54-9A1E7A4F7556}") = "BatchClient", "BatchClient\BatchClient.csproj", "{74166C86-1CF0-4320-88E6-78D4E52D54F5}"
EndProject
Project("{9A19103F-16F7-4668-BE54-9A1E7A4F7556}") = "XPath2Sample", "XPath2Sample\XPath2Sample.csproj", "{343BD9E2-035D-494B-8ABE-B71FDB341C40}"
EndProject
Project("{2150E333-8FDC-42A3-9474-1A3956D46DE8}") = "Autofac", "Autofac", "{35FB7099-5E31-4261-9BC3-7487826C6FF0}"
EndProject
Project("{2150E333-8FDC-42A3-9474-1A3956D46DE8}") = "XPath2", "XPath2", "{7B5E08FF-15D2-4EF7-8FD0-E3F6C73933CD}"
EndProject
Project("{2150E333-8FDC-42A3-9474-1A3956D46DE8}") = "RawRequestBody", "RawRequestBody", "{44430609-9C04-4D78-9D08-97BD54C9FBF4}"
EndProject
Project("{2150E333-8FDC-42A3-9474-1A3956D46DE8}") = "HttpBatchHandler", "HttpBatchHandler", "{D7068E9C-C630-4309-8B5C-0FBA692ABC91}"
EndProject
Project("{2150E333-8FDC-42A3-9474-1A3956D46DE8}") = "RsaCrypo", "RsaCrypo", "{E1E3904F-D045-4317-851C-1E5719D45A45}"
EndProject
Project("{2150E333-8FDC-42A3-9474-1A3956D46DE8}") = "SoapService", "SoapService", "{0305B5E7-8215-41FF-9A81-B721458BF5DB}"
EndProject
Project("{FAE04EC0-301F-11D3-BF4B-00C04F79EFBC}") = "PingSoapService", "PingSoapService\PingSoapService.csproj", "{C6ABBD4B-2AED-4380-B5D8-0B4E9941633D}"
EndProject
Project("{FAE04EC0-301F-11D3-BF4B-00C04F79EFBC}") = "PingWrapperSoapService", "PingWrapperSoapService\PingWrapperSoapService.csproj", "{14D37ADD-662D-4BA1-9996-49D6C8F32A29}"
EndProject
Project("{2150E333-8FDC-42A3-9474-1A3956D46DE8}") = "BatchRequest", "BatchRequest", "{7B7415FF-DBEE-4F52-8BF3-5944229E3EDC}"
EndProject
Project("{FAE04EC0-301F-11D3-BF4B-00C04F79EFBC}") = "BatchRequestClient", "BatchRequestClient\BatchRequestClient.csproj", "{BB3EB27D-37F6-4C1A-8EF6-B583222D76B0}"
EndProject
Project("{FAE04EC0-301F-11D3-BF4B-00C04F79EFBC}") = "BatchRequestApi", "BatchRequestApi\BatchRequestApi.csproj", "{C2F3F01F-A5A3-4C74-8F7F-4CFD658DF0E2}"
EndProject
Project("{2150E333-8FDC-42A3-9474-1A3956D46DE8}") = "EmailIntegrationTest", "EmailIntegrationTest", "{94FD3775-7BE4-4EAE-B3C7-343BADFBCF3C}"
EndProject
Project("{FAE04EC0-301F-11D3-BF4B-00C04F79EFBC}") = "Communication.Api", "Communication.Api\Communication.Api.csproj", "{021E4B67-0836-47C5-B78C-D1EF3D4958F7}"
EndProject
Project("{FAE04EC0-301F-11D3-BF4B-00C04F79EFBC}") = "Communication.Api.Tests.Acceptance", "Communication.Api.Tests.Acceptance\Communication.Api.Tests.Acceptance.csproj", "{19A042D9-7487-4554-A0E5-F553FF01038D}"
EndProject
Project("{FAE04EC0-301F-11D3-BF4B-00C04F79EFBC}") = "Communication.Host", "Communication.Host\Communication.Host.csproj", "{95E7B8F6-FEAE-45F9-BA39-2CBACBF308DE}"
EndProject
Global
	GlobalSection(SolutionConfigurationPlatforms) = preSolution
		Debug|Any CPU = Debug|Any CPU
		Release|Any CPU = Release|Any CPU
	EndGlobalSection
	GlobalSection(ProjectConfigurationPlatforms) = postSolution
		{05A9FA2E-2C4E-4855-BA9A-3E84885EBCAF}.Debug|Any CPU.ActiveCfg = Debug|Any CPU
		{05A9FA2E-2C4E-4855-BA9A-3E84885EBCAF}.Debug|Any CPU.Build.0 = Debug|Any CPU
		{05A9FA2E-2C4E-4855-BA9A-3E84885EBCAF}.Release|Any CPU.ActiveCfg = Release|Any CPU
		{05A9FA2E-2C4E-4855-BA9A-3E84885EBCAF}.Release|Any CPU.Build.0 = Release|Any CPU
		{432C2A3A-1614-4F90-9A2B-F8A1ACBB1C14}.Debug|Any CPU.ActiveCfg = Debug|Any CPU
		{432C2A3A-1614-4F90-9A2B-F8A1ACBB1C14}.Debug|Any CPU.Build.0 = Debug|Any CPU
		{432C2A3A-1614-4F90-9A2B-F8A1ACBB1C14}.Release|Any CPU.ActiveCfg = Release|Any CPU
		{432C2A3A-1614-4F90-9A2B-F8A1ACBB1C14}.Release|Any CPU.Build.0 = Release|Any CPU
		{E933F487-1A84-41E0-945D-9F09CC5D1792}.Debug|Any CPU.ActiveCfg = Debug|Any CPU
		{E933F487-1A84-41E0-945D-9F09CC5D1792}.Debug|Any CPU.Build.0 = Debug|Any CPU
		{E933F487-1A84-41E0-945D-9F09CC5D1792}.Release|Any CPU.ActiveCfg = Release|Any CPU
		{E933F487-1A84-41E0-945D-9F09CC5D1792}.Release|Any CPU.Build.0 = Release|Any CPU
		{56CAEC0D-5025-4B96-902F-053E08F8F8DF}.Debug|Any CPU.ActiveCfg = Debug|Any CPU
		{56CAEC0D-5025-4B96-902F-053E08F8F8DF}.Debug|Any CPU.Build.0 = Debug|Any CPU
		{56CAEC0D-5025-4B96-902F-053E08F8F8DF}.Release|Any CPU.ActiveCfg = Release|Any CPU
		{56CAEC0D-5025-4B96-902F-053E08F8F8DF}.Release|Any CPU.Build.0 = Release|Any CPU
		{28358F42-1BE0-4AFD-A2E3-4E667CBE55A9}.Debug|Any CPU.ActiveCfg = Debug|Any CPU
		{28358F42-1BE0-4AFD-A2E3-4E667CBE55A9}.Debug|Any CPU.Build.0 = Debug|Any CPU
		{28358F42-1BE0-4AFD-A2E3-4E667CBE55A9}.Release|Any CPU.ActiveCfg = Release|Any CPU
		{28358F42-1BE0-4AFD-A2E3-4E667CBE55A9}.Release|Any CPU.Build.0 = Release|Any CPU
		{60995CD2-4784-4EBB-A3E5-8A6F77412C0D}.Debug|Any CPU.ActiveCfg = Debug|Any CPU
		{60995CD2-4784-4EBB-A3E5-8A6F77412C0D}.Debug|Any CPU.Build.0 = Debug|Any CPU
		{60995CD2-4784-4EBB-A3E5-8A6F77412C0D}.Release|Any CPU.ActiveCfg = Release|Any CPU
		{60995CD2-4784-4EBB-A3E5-8A6F77412C0D}.Release|Any CPU.Build.0 = Release|Any CPU
		{57CE43C9-8363-4A89-8DA2-FF133A1357A8}.Debug|Any CPU.ActiveCfg = Debug|Any CPU
		{57CE43C9-8363-4A89-8DA2-FF133A1357A8}.Debug|Any CPU.Build.0 = Debug|Any CPU
		{57CE43C9-8363-4A89-8DA2-FF133A1357A8}.Release|Any CPU.ActiveCfg = Release|Any CPU
		{57CE43C9-8363-4A89-8DA2-FF133A1357A8}.Release|Any CPU.Build.0 = Release|Any CPU
		{DF095EC7-FBAD-4CF0-B850-D80F9FE5A337}.Debug|Any CPU.ActiveCfg = Debug|Any CPU
		{DF095EC7-FBAD-4CF0-B850-D80F9FE5A337}.Debug|Any CPU.Build.0 = Debug|Any CPU
		{DF095EC7-FBAD-4CF0-B850-D80F9FE5A337}.Release|Any CPU.ActiveCfg = Release|Any CPU
		{DF095EC7-FBAD-4CF0-B850-D80F9FE5A337}.Release|Any CPU.Build.0 = Release|Any CPU
		{74166C86-1CF0-4320-88E6-78D4E52D54F5}.Debug|Any CPU.ActiveCfg = Debug|Any CPU
		{74166C86-1CF0-4320-88E6-78D4E52D54F5}.Debug|Any CPU.Build.0 = Debug|Any CPU
		{74166C86-1CF0-4320-88E6-78D4E52D54F5}.Release|Any CPU.ActiveCfg = Release|Any CPU
		{74166C86-1CF0-4320-88E6-78D4E52D54F5}.Release|Any CPU.Build.0 = Release|Any CPU
		{343BD9E2-035D-494B-8ABE-B71FDB341C40}.Debug|Any CPU.ActiveCfg = Debug|Any CPU
		{343BD9E2-035D-494B-8ABE-B71FDB341C40}.Debug|Any CPU.Build.0 = Debug|Any CPU
		{343BD9E2-035D-494B-8ABE-B71FDB341C40}.Release|Any CPU.ActiveCfg = Release|Any CPU
		{343BD9E2-035D-494B-8ABE-B71FDB341C40}.Release|Any CPU.Build.0 = Release|Any CPU
		{C6ABBD4B-2AED-4380-B5D8-0B4E9941633D}.Debug|Any CPU.ActiveCfg = Debug|Any CPU
		{C6ABBD4B-2AED-4380-B5D8-0B4E9941633D}.Debug|Any CPU.Build.0 = Debug|Any CPU
		{C6ABBD4B-2AED-4380-B5D8-0B4E9941633D}.Release|Any CPU.ActiveCfg = Release|Any CPU
		{C6ABBD4B-2AED-4380-B5D8-0B4E9941633D}.Release|Any CPU.Build.0 = Release|Any CPU
		{14D37ADD-662D-4BA1-9996-49D6C8F32A29}.Debug|Any CPU.ActiveCfg = Debug|Any CPU
		{14D37ADD-662D-4BA1-9996-49D6C8F32A29}.Debug|Any CPU.Build.0 = Debug|Any CPU
		{14D37ADD-662D-4BA1-9996-49D6C8F32A29}.Release|Any CPU.ActiveCfg = Release|Any CPU
		{14D37ADD-662D-4BA1-9996-49D6C8F32A29}.Release|Any CPU.Build.0 = Release|Any CPU
		{BB3EB27D-37F6-4C1A-8EF6-B583222D76B0}.Debug|Any CPU.ActiveCfg = Debug|Any CPU
		{BB3EB27D-37F6-4C1A-8EF6-B583222D76B0}.Debug|Any CPU.Build.0 = Debug|Any CPU
		{BB3EB27D-37F6-4C1A-8EF6-B583222D76B0}.Release|Any CPU.ActiveCfg = Release|Any CPU
		{BB3EB27D-37F6-4C1A-8EF6-B583222D76B0}.Release|Any CPU.Build.0 = Release|Any CPU
		{C2F3F01F-A5A3-4C74-8F7F-4CFD658DF0E2}.Debug|Any CPU.ActiveCfg = Debug|Any CPU
		{C2F3F01F-A5A3-4C74-8F7F-4CFD658DF0E2}.Debug|Any CPU.Build.0 = Debug|Any CPU
		{C2F3F01F-A5A3-4C74-8F7F-4CFD658DF0E2}.Release|Any CPU.ActiveCfg = Release|Any CPU
		{C2F3F01F-A5A3-4C74-8F7F-4CFD658DF0E2}.Release|Any CPU.Build.0 = Release|Any CPU
		{021E4B67-0836-47C5-B78C-D1EF3D4958F7}.Debug|Any CPU.ActiveCfg = Debug|Any CPU
		{021E4B67-0836-47C5-B78C-D1EF3D4958F7}.Debug|Any CPU.Build.0 = Debug|Any CPU
		{021E4B67-0836-47C5-B78C-D1EF3D4958F7}.Release|Any CPU.ActiveCfg = Release|Any CPU
		{021E4B67-0836-47C5-B78C-D1EF3D4958F7}.Release|Any CPU.Build.0 = Release|Any CPU
		{19A042D9-7487-4554-A0E5-F553FF01038D}.Debug|Any CPU.ActiveCfg = Debug|Any CPU
		{19A042D9-7487-4554-A0E5-F553FF01038D}.Debug|Any CPU.Build.0 = Debug|Any CPU
		{19A042D9-7487-4554-A0E5-F553FF01038D}.Release|Any CPU.ActiveCfg = Release|Any CPU
		{19A042D9-7487-4554-A0E5-F553FF01038D}.Release|Any CPU.Build.0 = Release|Any CPU
		{95E7B8F6-FEAE-45F9-BA39-2CBACBF308DE}.Debug|Any CPU.ActiveCfg = Debug|Any CPU
		{95E7B8F6-FEAE-45F9-BA39-2CBACBF308DE}.Debug|Any CPU.Build.0 = Debug|Any CPU
		{95E7B8F6-FEAE-45F9-BA39-2CBACBF308DE}.Release|Any CPU.ActiveCfg = Release|Any CPU
		{95E7B8F6-FEAE-45F9-BA39-2CBACBF308DE}.Release|Any CPU.Build.0 = Release|Any CPU
	EndGlobalSection
	GlobalSection(SolutionProperties) = preSolution
		HideSolutionNode = FALSE
	EndGlobalSection
	GlobalSection(NestedProjects) = preSolution
		{05A9FA2E-2C4E-4855-BA9A-3E84885EBCAF} = {44430609-9C04-4D78-9D08-97BD54C9FBF4}
		{432C2A3A-1614-4F90-9A2B-F8A1ACBB1C14} = {E1E3904F-D045-4317-851C-1E5719D45A45}
		{E933F487-1A84-41E0-945D-9F09CC5D1792} = {35FB7099-5E31-4261-9BC3-7487826C6FF0}
		{56CAEC0D-5025-4B96-902F-053E08F8F8DF} = {35FB7099-5E31-4261-9BC3-7487826C6FF0}
		{28358F42-1BE0-4AFD-A2E3-4E667CBE55A9} = {35FB7099-5E31-4261-9BC3-7487826C6FF0}
		{60995CD2-4784-4EBB-A3E5-8A6F77412C0D} = {E1E3904F-D045-4317-851C-1E5719D45A45}
		{57CE43C9-8363-4A89-8DA2-FF133A1357A8} = {E1E3904F-D045-4317-851C-1E5719D45A45}
		{DF095EC7-FBAD-4CF0-B850-D80F9FE5A337} = {D7068E9C-C630-4309-8B5C-0FBA692ABC91}
		{74166C86-1CF0-4320-88E6-78D4E52D54F5} = {D7068E9C-C630-4309-8B5C-0FBA692ABC91}
		{343BD9E2-035D-494B-8ABE-B71FDB341C40} = {7B5E08FF-15D2-4EF7-8FD0-E3F6C73933CD}
		{C6ABBD4B-2AED-4380-B5D8-0B4E9941633D} = {0305B5E7-8215-41FF-9A81-B721458BF5DB}
		{14D37ADD-662D-4BA1-9996-49D6C8F32A29} = {0305B5E7-8215-41FF-9A81-B721458BF5DB}
		{BB3EB27D-37F6-4C1A-8EF6-B583222D76B0} = {7B7415FF-DBEE-4F52-8BF3-5944229E3EDC}
		{C2F3F01F-A5A3-4C74-8F7F-4CFD658DF0E2} = {7B7415FF-DBEE-4F52-8BF3-5944229E3EDC}
		{021E4B67-0836-47C5-B78C-D1EF3D4958F7} = {94FD3775-7BE4-4EAE-B3C7-343BADFBCF3C}
		{19A042D9-7487-4554-A0E5-F553FF01038D} = {94FD3775-7BE4-4EAE-B3C7-343BADFBCF3C}
		{95E7B8F6-FEAE-45F9-BA39-2CBACBF308DE} = {94FD3775-7BE4-4EAE-B3C7-343BADFBCF3C}
	EndGlobalSection
	GlobalSection(ExtensibilityGlobals) = postSolution
		SolutionGuid = {3D81C62A-24C6-4372-92CA-7B3BFD87CCC7}
	EndGlobalSection
EndGlobal
