
Microsoft Visual Studio Solution File, Format Version 12.00
# Visual Studio 2012
Project("{FAE04EC0-301F-11D3-BF4B-00C04F79EFBC}") = "RawRequestBodySample", "RawRequestBodySample\RawRequestBodySample.csproj", "{05A9FA2E-2C4E-4855-BA9A-3E84885EBCAF}"
EndProject
Project("{FAE04EC0-301F-11D3-BF4B-00C04F79EFBC}") = "RSAKeyUtil", "RSAKeyUtil\RSAKeyUtil.csproj", "{432C2A3A-1614-4F90-9A2B-F8A1ACBB1C14}"
EndProject
Project("{FAE04EC0-301F-11D3-BF4B-00C04F79EFBC}") = "AutofacSample.Services", "AutofacSample.Services\AutofacSample.Services.csproj", "{E933F487-1A84-41E0-945D-9F09CC5D1792}"
EndProject
Project("{FAE04EC0-301F-11D3-BF4B-00C04F79EFBC}") = "AutofacSample", "AutofacSample\AutofacSample.csproj", "{56CAEC0D-5025-4B96-902F-053E08F8F8DF}"
EndProject
Project("{FAE04EC0-301F-11D3-BF4B-00C04F79EFBC}") = "AutofacSample.Services.Fakes", "AutofacSample.Services.Fakes\AutofacSample.Services.Fakes.csproj", "{28358F42-1BE0-4AFD-A2E3-4E667CBE55A9}"
EndProject
Global
	GlobalSection(SolutionConfigurationPlatforms) = preSolution
		Debug|Any CPU = Debug|Any CPU
		Release|Any CPU = Release|Any CPU
	EndGlobalSection
	GlobalSection(ProjectConfigurationPlatforms) = postSolution
		{05A9FA2E-2C4E-4855-BA9A-3E84885EBCAF}.Debug|Any CPU.ActiveCfg = Debug|Any CPU
		{05A9FA2E-2C4E-4855-BA9A-3E84885EBCAF}.Debug|Any CPU.Build.0 = Debug|Any CPU
		{05A9FA2E-2C4E-4855-BA9A-3E84885EBCAF}.Release|Any CPU.ActiveCfg = Release|Any CPU
		{05A9FA2E-2C4E-4855-BA9A-3E84885EBCAF}.Release|Any CPU.Build.0 = Release|Any CPU
		{432C2A3A-1614-4F90-9A2B-F8A1ACBB1C14}.Debug|Any CPU.ActiveCfg = Debug|Any CPU
		{432C2A3A-1614-4F90-9A2B-F8A1ACBB1C14}.Debug|Any CPU.Build.0 = Debug|Any CPU
		{432C2A3A-1614-4F90-9A2B-F8A1ACBB1C14}.Release|Any CPU.ActiveCfg = Release|Any CPU
		{432C2A3A-1614-4F90-9A2B-F8A1ACBB1C14}.Release|Any CPU.Build.0 = Release|Any CPU
		{E933F487-1A84-41E0-945D-9F09CC5D1792}.Debug|Any CPU.ActiveCfg = Debug|Any CPU
		{E933F487-1A84-41E0-945D-9F09CC5D1792}.Debug|Any CPU.Build.0 = Debug|Any CPU
		{E933F487-1A84-41E0-945D-9F09CC5D1792}.Release|Any CPU.ActiveCfg = Release|Any CPU
		{E933F487-1A84-41E0-945D-9F09CC5D1792}.Release|Any CPU.Build.0 = Release|Any CPU
		{56CAEC0D-5025-4B96-902F-053E08F8F8DF}.Debug|Any CPU.ActiveCfg = Debug|Any CPU
		{56CAEC0D-5025-4B96-902F-053E08F8F8DF}.Debug|Any CPU.Build.0 = Debug|Any CPU
		{56CAEC0D-5025-4B96-902F-053E08F8F8DF}.Release|Any CPU.ActiveCfg = Release|Any CPU
		{56CAEC0D-5025-4B96-902F-053E08F8F8DF}.Release|Any CPU.Build.0 = Release|Any CPU
		{28358F42-1BE0-4AFD-A2E3-4E667CBE55A9}.Debug|Any CPU.ActiveCfg = Debug|Any CPU
		{28358F42-1BE0-4AFD-A2E3-4E667CBE55A9}.Debug|Any CPU.Build.0 = Debug|Any CPU
		{28358F42-1BE0-4AFD-A2E3-4E667CBE55A9}.Release|Any CPU.ActiveCfg = Release|Any CPU
		{28358F42-1BE0-4AFD-A2E3-4E667CBE55A9}.Release|Any CPU.Build.0 = Release|Any CPU
	EndGlobalSection
EndGlobal
